
Microsoft Visual Studio Solution File, Format Version 11.00
# Visual Studio 2010
Project("{FAE04EC0-301F-11D3-BF4B-00C04F79EFBC}") = "Assembly-CSharp", "Assembly-CSharp.csproj", "{5744da8a-3dfb-6715-3882-4cacefe229e4}"
EndProject
Project("{FAE04EC0-301F-11D3-BF4B-00C04F79EFBC}") = "Assembly-CSharp-firstpass", "Assembly-CSharp-firstpass.csproj", "{ba228bc2-5764-af93-ac04-31b9a0a2d859}"
EndProject
Project("{FAE04EC0-301F-11D3-BF4B-00C04F79EFBC}") = "Assembly-CSharp-Editor", "Assembly-CSharp-Editor.csproj", "{4c2c688a-7f71-9346-508f-4cde45615427}"
EndProject
Global
	GlobalSection(SolutionConfigurationPlatforms) = preSolution
		Debug|Any CPU = Debug|Any CPU
		Release|Any CPU = Release|Any CPU
	EndGlobalSection
	GlobalSection(ProjectConfigurationPlatforms) = postSolution
		{5744da8a-3dfb-6715-3882-4cacefe229e4}.Debug|Any CPU.ActiveCfg = Debug|Any CPU
		{5744da8a-3dfb-6715-3882-4cacefe229e4}.Debug|Any CPU.Build.0 = Debug|Any CPU
		{5744da8a-3dfb-6715-3882-4cacefe229e4}.Release|Any CPU.ActiveCfg = Release|Any CPU
		{5744da8a-3dfb-6715-3882-4cacefe229e4}.Release|Any CPU.Build.0 = Release|Any CPU
		{ba228bc2-5764-af93-ac04-31b9a0a2d859}.Debug|Any CPU.ActiveCfg = Debug|Any CPU
		{ba228bc2-5764-af93-ac04-31b9a0a2d859}.Debug|Any CPU.Build.0 = Debug|Any CPU
		{ba228bc2-5764-af93-ac04-31b9a0a2d859}.Release|Any CPU.ActiveCfg = Release|Any CPU
		{ba228bc2-5764-af93-ac04-31b9a0a2d859}.Release|Any CPU.Build.0 = Release|Any CPU
		{4c2c688a-7f71-9346-508f-4cde45615427}.Debug|Any CPU.ActiveCfg = Debug|Any CPU
		{4c2c688a-7f71-9346-508f-4cde45615427}.Debug|Any CPU.Build.0 = Debug|Any CPU
		{4c2c688a-7f71-9346-508f-4cde45615427}.Release|Any CPU.ActiveCfg = Release|Any CPU
		{4c2c688a-7f71-9346-508f-4cde45615427}.Release|Any CPU.Build.0 = Release|Any CPU
	EndGlobalSection
	GlobalSection(SolutionProperties) = preSolution
		HideSolutionNode = FALSE
	EndGlobalSection
EndGlobal
